Microsoft Visual Studio Solution File, Format Version 12.00
# Visual Studio Version 17
VisualStudioVersion = 17.5.2.0
MinimumVisualStudioVersion = 10.0.40219.1
Project("{FAE04EC0-301F-11D3-BF4B-00C04F79EFBC}") = "LauncherLogout", "LauncherLogout.csproj", "{D6F95396-2CF6-73DF-6017-35FA6FEBA4F2}"
EndProject
Global
	GlobalSection(SolutionConfigurationPlatforms) = preSolution
		Debug|Any CPU = Debug|Any CPU
		Release|Any CPU = Release|Any CPU
	EndGlobalSection
	GlobalSection(ProjectConfigurationPlatforms) = postSolution
		{D6F95396-2CF6-73DF-6017-35FA6FEBA4F2}.Debug|Any CPU.ActiveCfg = Debug|Any CPU
		{D6F95396-2CF6-73DF-6017-35FA6FEBA4F2}.Debug|Any CPU.Build.0 = Debug|Any CPU
		{D6F95396-2CF6-73DF-6017-35FA6FEBA4F2}.Release|Any CPU.ActiveCfg = Release|Any CPU
		{D6F95396-2CF6-73DF-6017-35FA6FEBA4F2}.Release|Any CPU.Build.0 = Release|Any CPU
	EndGlobalSection
	GlobalSection(SolutionProperties) = preSolution
		HideSolutionNode = FALSE
	EndGlobalSection
	GlobalSection(ExtensibilityGlobals) = postSolution
		SolutionGuid = {3EA2C894-A642-4C4E-92B8-6D8BDB6C3706}
	EndGlobalSection
EndGlobal
